
Microsoft Visual Studio Solution File, Format Version 12.00
# Visual Studio Version 17
VisualStudioVersion = 17.9.34714.143
MinimumVisualStudioVersion = 10.0.40219.1
Project("{FAE04EC0-301F-11D3-BF4B-00C04F79EFBC}") = "ApiFunctTesting", "ApiFunctTesting\ApiFunctTesting.csproj", "{EE0C1676-B309-47ED-83BC-EDCB0BAC2538}"
EndProject
Global
	GlobalSection(SolutionConfigurationPlatforms) = preSolution
		Debug|Any CPU = Debug|Any CPU
		Release|Any CPU = Release|Any CPU
	EndGlobalSection
	GlobalSection(ProjectConfigurationPlatforms) = postSolution
		{EE0C1676-B309-47ED-83BC-EDCB0BAC2538}.Debug|Any CPU.ActiveCfg = Debug|Any CPU
		{EE0C1676-B309-47ED-83BC-EDCB0BAC2538}.Debug|Any CPU.Build.0 = Debug|Any CPU
		{EE0C1676-B309-47ED-83BC-EDCB0BAC2538}.Release|Any CPU.ActiveCfg = Release|Any CPU
		{EE0C1676-B309-47ED-83BC-EDCB0BAC2538}.Release|Any CPU.Build.0 = Release|Any CPU
	EndGlobalSection
	GlobalSection(SolutionProperties) = preSolution
		HideSolutionNode = FALSE
	EndGlobalSection
	GlobalSection(ExtensibilityGlobals) = postSolution
		SolutionGuid = {DE41AEC7-BE1A-4438-A867-838EFBF6DD48}
	EndGlobalSection
EndGlobal
