
Microsoft Visual Studio Solution File, Format Version 12.00
# Visual Studio Version 17
VisualStudioVersion = 17.9.34714.143
MinimumVisualStudioVersion = 10.0.40219.1
Project("{FAE04EC0-301F-11D3-BF4B-00C04F79EFBC}") = "WaitExercises", "SearchProductWithExplicitWait\WaitExercises.csproj", "{09831E80-DF37-4BD0-A31A-2444D4648FE2}"
EndProject
Global
	GlobalSection(SolutionConfigurationPlatforms) = preSolution
		Debug|Any CPU = Debug|Any CPU
		Release|Any CPU = Release|Any CPU
	EndGlobalSection
	GlobalSection(ProjectConfigurationPlatforms) = postSolution
		{09831E80-DF37-4BD0-A31A-2444D4648FE2}.Debug|Any CPU.ActiveCfg = Debug|Any CPU
		{09831E80-DF37-4BD0-A31A-2444D4648FE2}.Debug|Any CPU.Build.0 = Debug|Any CPU
		{09831E80-DF37-4BD0-A31A-2444D4648FE2}.Release|Any CPU.ActiveCfg = Release|Any CPU
		{09831E80-DF37-4BD0-A31A-2444D4648FE2}.Release|Any CPU.Build.0 = Release|Any CPU
	EndGlobalSection
	GlobalSection(SolutionProperties) = preSolution
		HideSolutionNode = FALSE
	EndGlobalSection
	GlobalSection(ExtensibilityGlobals) = postSolution
		SolutionGuid = {C4FAE85F-9F7B-4E22-9B50-73A556E54E4E}
	EndGlobalSection
EndGlobal
