
Microsoft Visual Studio Solution File, Format Version 12.00
# Visual Studio Version 17
VisualStudioVersion = 17.9.34714.143
MinimumVisualStudioVersion = 10.0.40219.1
Project("{FAE04EC0-301F-11D3-BF4B-00C04F79EFBC}") = "SerializeAndDeserialize", "APITesting\SerializeAndDeserialize.csproj", "{C61D52E5-A247-4A92-94B6-8D5E727402E7}"
EndProject
Global
	GlobalSection(SolutionConfigurationPlatforms) = preSolution
		Debug|Any CPU = Debug|Any CPU
		Release|Any CPU = Release|Any CPU
	EndGlobalSection
	GlobalSection(ProjectConfigurationPlatforms) = postSolution
		{C61D52E5-A247-4A92-94B6-8D5E727402E7}.Debug|Any CPU.ActiveCfg = Debug|Any CPU
		{C61D52E5-A247-4A92-94B6-8D5E727402E7}.Debug|Any CPU.Build.0 = Debug|Any CPU
		{C61D52E5-A247-4A92-94B6-8D5E727402E7}.Release|Any CPU.ActiveCfg = Release|Any CPU
		{C61D52E5-A247-4A92-94B6-8D5E727402E7}.Release|Any CPU.Build.0 = Release|Any CPU
	EndGlobalSection
	GlobalSection(SolutionProperties) = preSolution
		HideSolutionNode = FALSE
	EndGlobalSection
	GlobalSection(ExtensibilityGlobals) = postSolution
		SolutionGuid = {AEDE0B7C-7626-4B91-BD8A-E8DB18A8AF99}
	EndGlobalSection
EndGlobal
